
Microsoft Visual Studio Solution File, Format Version 12.00
# Visual Studio Version 16
VisualStudioVersion = 16.0.29728.190
MinimumVisualStudioVersion = 10.0.40219.1
Project("{8BC9CEB8-8B4A-11D0-8D11-00A0C91BC942}") = "Chapter17Lab17RobertTrostle", "Chapter17Lab17RobertTrostle\Chapter17Lab17RobertTrostle.vcxproj", "{37361A2E-9D3A-4494-9093-E8E81EDE6888}"
EndProject
Global
	GlobalSection(SolutionConfigurationPlatforms) = preSolution
		Debug|x64 = Debug|x64
		Debug|x86 = Debug|x86
		Release|x64 = Release|x64
		Release|x86 = Release|x86
	EndGlobalSection
	GlobalSection(ProjectConfigurationPlatforms) = postSolution
		{37361A2E-9D3A-4494-9093-E8E81EDE6888}.Debug|x64.ActiveCfg = Debug|x64
		{37361A2E-9D3A-4494-9093-E8E81EDE6888}.Debug|x64.Build.0 = Debug|x64
		{37361A2E-9D3A-4494-9093-E8E81EDE6888}.Debug|x86.ActiveCfg = Debug|Win32
		{37361A2E-9D3A-4494-9093-E8E81EDE6888}.Debug|x86.Build.0 = Debug|Win32
		{37361A2E-9D3A-4494-9093-E8E81EDE6888}.Release|x64.ActiveCfg = Release|x64
		{37361A2E-9D3A-4494-9093-E8E81EDE6888}.Release|x64.Build.0 = Release|x64
		{37361A2E-9D3A-4494-9093-E8E81EDE6888}.Release|x86.ActiveCfg = Release|Win32
		{37361A2E-9D3A-4494-9093-E8E81EDE6888}.Release|x86.Build.0 = Release|Win32
	EndGlobalSection
	GlobalSection(SolutionProperties) = preSolution
		HideSolutionNode = FALSE
	EndGlobalSection
	GlobalSection(ExtensibilityGlobals) = postSolution
		SolutionGuid = {D5222650-C3C4-416C-A6F9-AA53ACA0D263}
	EndGlobalSection
EndGlobal
