
Microsoft Visual Studio Solution File, Format Version 12.00
# Visual Studio Version 16
VisualStudioVersion = 16.0.29728.190
MinimumVisualStudioVersion = 10.0.40219.1
Project("{8BC9CEB8-8B4A-11D0-8D11-00A0C91BC942}") = "Chapter9Lab9RobertTrostle", "Chapter9Lab9RobertTrostle\Chapter9Lab9RobertTrostle.vcxproj", "{A24305DE-B2FA-46F3-A2DA-5AC0E18EDA1A}"
EndProject
Global
	GlobalSection(SolutionConfigurationPlatforms) = preSolution
		Debug|x64 = Debug|x64
		Debug|x86 = Debug|x86
		Release|x64 = Release|x64
		Release|x86 = Release|x86
	EndGlobalSection
	GlobalSection(ProjectConfigurationPlatforms) = postSolution
		{A24305DE-B2FA-46F3-A2DA-5AC0E18EDA1A}.Debug|x64.ActiveCfg = Debug|x64
		{A24305DE-B2FA-46F3-A2DA-5AC0E18EDA1A}.Debug|x64.Build.0 = Debug|x64
		{A24305DE-B2FA-46F3-A2DA-5AC0E18EDA1A}.Debug|x86.ActiveCfg = Debug|Win32
		{A24305DE-B2FA-46F3-A2DA-5AC0E18EDA1A}.Debug|x86.Build.0 = Debug|Win32
		{A24305DE-B2FA-46F3-A2DA-5AC0E18EDA1A}.Release|x64.ActiveCfg = Release|x64
		{A24305DE-B2FA-46F3-A2DA-5AC0E18EDA1A}.Release|x64.Build.0 = Release|x64
		{A24305DE-B2FA-46F3-A2DA-5AC0E18EDA1A}.Release|x86.ActiveCfg = Release|Win32
		{A24305DE-B2FA-46F3-A2DA-5AC0E18EDA1A}.Release|x86.Build.0 = Release|Win32
	EndGlobalSection
	GlobalSection(SolutionProperties) = preSolution
		HideSolutionNode = FALSE
	EndGlobalSection
	GlobalSection(ExtensibilityGlobals) = postSolution
		SolutionGuid = {AA5615FE-0DB3-4C78-A822-A231FF87C839}
	EndGlobalSection
EndGlobal
